
Microsoft Visual Studio Solution File, Format Version 12.00
# Visual Studio Version 17
VisualStudioVersion = 17.4.33213.308
MinimumVisualStudioVersion = 10.0.40219.1
Project("{FAE04EC0-301F-11D3-BF4B-00C04F79EFBC}") = "1A2B", "1A2B\1A2B.csproj", "{47CF199D-125D-4B24-B4F7-4DF1EB9E2FF1}"
EndProject
Global
	GlobalSection(SolutionConfigurationPlatforms) = preSolution
		Debug|Any CPU = Debug|Any CPU
		Release|Any CPU = Release|Any CPU
	EndGlobalSection
	GlobalSection(ProjectConfigurationPlatforms) = postSolution
		{47CF199D-125D-4B24-B4F7-4DF1EB9E2FF1}.Debug|Any CPU.ActiveCfg = Debug|Any CPU
		{47CF199D-125D-4B24-B4F7-4DF1EB9E2FF1}.Debug|Any CPU.Build.0 = Debug|Any CPU
		{47CF199D-125D-4B24-B4F7-4DF1EB9E2FF1}.Release|Any CPU.ActiveCfg = Release|Any CPU
		{47CF199D-125D-4B24-B4F7-4DF1EB9E2FF1}.Release|Any CPU.Build.0 = Release|Any CPU
	EndGlobalSection
	GlobalSection(SolutionProperties) = preSolution
		HideSolutionNode = FALSE
	EndGlobalSection
	GlobalSection(ExtensibilityGlobals) = postSolution
		SolutionGuid = {8F262AE6-040E-402C-B9A2-64FAF24AA14A}
	EndGlobalSection
EndGlobal
